
Microsoft Visual Studio Solution File, Format Version 12.00
# Visual Studio Version 17
VisualStudioVersion = 17.13.35828.75
MinimumVisualStudioVersion = 10.0.40219.1
Project("{FAE04EC0-301F-11D3-BF4B-00C04F79EFBC}") = "AgentQueue.Api", "AgentQueue.Api\AgentQueue.Api.csproj", "{622B60E3-6B60-4DB7-B28A-4B41D251F7D0}"
EndProject
Project("{FAE04EC0-301F-11D3-BF4B-00C04F79EFBC}") = "AgentQueue.Domain", "AgentQueue.Domain\AgentQueue.Domain.csproj", "{28608074-19E6-AAA1-227A-F2C3872035CE}"
EndProject
Project("{FAE04EC0-301F-11D3-BF4B-00C04F79EFBC}") = "AgentQueue.Domain.Tests", "AgentQueue.Domain.Tests\AgentQueue.Domain.Tests.csproj", "{AF112A12-00BC-EFF2-D48D-081C194C2C08}"
EndProject
Global
	GlobalSection(SolutionConfigurationPlatforms) = preSolution
		Debug|Any CPU = Debug|Any CPU
		Release|Any CPU = Release|Any CPU
	EndGlobalSection
	GlobalSection(ProjectConfigurationPlatforms) = postSolution
		{622B60E3-6B60-4DB7-B28A-4B41D251F7D0}.Debug|Any CPU.ActiveCfg = Debug|Any CPU
		{622B60E3-6B60-4DB7-B28A-4B41D251F7D0}.Debug|Any CPU.Build.0 = Debug|Any CPU
		{622B60E3-6B60-4DB7-B28A-4B41D251F7D0}.Release|Any CPU.ActiveCfg = Release|Any CPU
		{622B60E3-6B60-4DB7-B28A-4B41D251F7D0}.Release|Any CPU.Build.0 = Release|Any CPU
		{28608074-19E6-AAA1-227A-F2C3872035CE}.Debug|Any CPU.ActiveCfg = Debug|Any CPU
		{28608074-19E6-AAA1-227A-F2C3872035CE}.Debug|Any CPU.Build.0 = Debug|Any CPU
		{28608074-19E6-AAA1-227A-F2C3872035CE}.Release|Any CPU.ActiveCfg = Release|Any CPU
		{28608074-19E6-AAA1-227A-F2C3872035CE}.Release|Any CPU.Build.0 = Release|Any CPU
		{AF112A12-00BC-EFF2-D48D-081C194C2C08}.Debug|Any CPU.ActiveCfg = Debug|Any CPU
		{AF112A12-00BC-EFF2-D48D-081C194C2C08}.Debug|Any CPU.Build.0 = Debug|Any CPU
		{AF112A12-00BC-EFF2-D48D-081C194C2C08}.Release|Any CPU.ActiveCfg = Release|Any CPU
		{AF112A12-00BC-EFF2-D48D-081C194C2C08}.Release|Any CPU.Build.0 = Release|Any CPU
	EndGlobalSection
	GlobalSection(SolutionProperties) = preSolution
		HideSolutionNode = FALSE
	EndGlobalSection
	GlobalSection(ExtensibilityGlobals) = postSolution
		SolutionGuid = {F08B367B-84A0-49F7-AA37-080C7CA9719E}
	EndGlobalSection
EndGlobal
